
Microsoft Visual Studio Solution File, Format Version 12.00
# Visual Studio Version 16
VisualStudioVersion = 16.0.30104.148
MinimumVisualStudioVersion = 10.0.40219.1
Project("{2150E333-8FDC-42A3-9474-1A3956D46DE8}") = "SolutionItems", "SolutionItems", "{CBAB6B80-EE6D-4CC4-B609-3A99F16FAACB}"
	ProjectSection(SolutionItems) = preProject
		..\..\global.json = ..\..\global.json
	EndProjectSection
EndProject
Project("{9A19103F-16F7-4668-BE54-9A1E7A4F7556}") = "Ttp.EfCore.Web", "services\ef-core-application\Ttp.EfCore.Web\Ttp.EfCore.Web.csproj", "{E1CD060E-A5E8-401A-B70A-1ACDECD40750}"
EndProject
Global
	GlobalSection(SolutionConfigurationPlatforms) = preSolution
		Debug|Any CPU = Debug|Any CPU
		Release|Any CPU = Release|Any CPU
	EndGlobalSection
	GlobalSection(ProjectConfigurationPlatforms) = postSolution
		{E1CD060E-A5E8-401A-B70A-1ACDECD40750}.Debug|Any CPU.ActiveCfg = Debug|Any CPU
		{E1CD060E-A5E8-401A-B70A-1ACDECD40750}.Debug|Any CPU.Build.0 = Debug|Any CPU
		{E1CD060E-A5E8-401A-B70A-1ACDECD40750}.Release|Any CPU.ActiveCfg = Release|Any CPU
		{E1CD060E-A5E8-401A-B70A-1ACDECD40750}.Release|Any CPU.Build.0 = Release|Any CPU
	EndGlobalSection
	GlobalSection(SolutionProperties) = preSolution
		HideSolutionNode = FALSE
	EndGlobalSection
	GlobalSection(ExtensibilityGlobals) = postSolution
		SolutionGuid = {2107D543-8816-4A8D-8775-D3D425C59586}
	EndGlobalSection
EndGlobal
