
Microsoft Visual Studio Solution File, Format Version 12.00
# Visual Studio Version 16
VisualStudioVersion = 16.0.30104.148
MinimumVisualStudioVersion = 10.0.40219.1
Project("{FAE04EC0-301F-11D3-BF4B-00C04F79EFBC}") = "Ttp.Web.EfCoreInMemory", "Ttp.Web.EfCoreInMemory\Ttp.Web.EfCoreInMemory.csproj", "{E49DE6D1-19D3-4F8E-A59A-A7D8B048B80A}"
EndProject
Global
	GlobalSection(SolutionConfigurationPlatforms) = preSolution
		Debug|Any CPU = Debug|Any CPU
		Release|Any CPU = Release|Any CPU
	EndGlobalSection
	GlobalSection(ProjectConfigurationPlatforms) = postSolution
		{E49DE6D1-19D3-4F8E-A59A-A7D8B048B80A}.Debug|Any CPU.ActiveCfg = Debug|Any CPU
		{E49DE6D1-19D3-4F8E-A59A-A7D8B048B80A}.Debug|Any CPU.Build.0 = Debug|Any CPU
		{E49DE6D1-19D3-4F8E-A59A-A7D8B048B80A}.Release|Any CPU.ActiveCfg = Release|Any CPU
		{E49DE6D1-19D3-4F8E-A59A-A7D8B048B80A}.Release|Any CPU.Build.0 = Release|Any CPU
	EndGlobalSection
	GlobalSection(SolutionProperties) = preSolution
		HideSolutionNode = FALSE
	EndGlobalSection
	GlobalSection(ExtensibilityGlobals) = postSolution
		SolutionGuid = {2107D543-8816-4A8D-8775-D3D425C59586}
	EndGlobalSection
EndGlobal
